github.com/gen2brain/x264-go/x264c v0.0.0-20220828141959-ddbf4cbb9814 h1:SuOpPREV79I8pPENCU2mUTfsEhoR2XaanaT4xSqBmwA=
github.com/gen2brain/x264-go/x264c v0.0.0-20220828141959-ddbf4cbb9814/go.mod h1:lshP4xmJNPCHscewcvsemVs62q8J8F0mh+FYBAfVG60=
github.com/gen2brain/x264-go/yuv v0.0.0-20220622130850-9f6285ee8073 h1:Hp3CnrtDOPGypQqWVzDWu/QjOLw1MYRRmyF8oywlwDU=
github.com/gen2brain/x264-go/yuv v0.0.0-20220622130850-9f6285ee8073/go.mod h1:xGOE/2fXjxu/ZONrm0EPqKHj/XDc13al1o48I3FQfHA=
