github.com/gen2brain/x264-go/x264c v0.0.0-20221204084822-82ee2951dea2 h1:4GzTsZK/uG+tHvWR2ORcTCGTC4+mgOPhkUdz/Ro9alg=
github.com/gen2brain/x264-go/x264c v0.0.0-20221204084822-82ee2951dea2/go.mod h1:MUMv+ZURlTO3qH8QAt2gxiIY5X4NMaxObz2ImZOMvyA=
github.com/gen2brain/x264-go/yuv v0.0.0-20221204084822-82ee2951dea2 h1:lihaRUKRj94EWVZRp1jTmEiIxmvjEiSb9fJl2xftrXY=
github.com/gen2brain/x264-go/yuv v0.0.0-20221204084822-82ee2951dea2/go.mod h1:PzzJntdOaVt4Gc37fNaEXpqmhKkUgd/xqyPMUfx+FQc=
