github.com/BurntSushi/xgb v0.0.0-20210121224620-deaf085860bc h1:7D+Bh06CRPCJO3gr2F7h1sriovOZ8BMhca2Rg85c2nk=
github.com/BurntSushi/xgb v0.0.0-20210121224620-deaf085860bc/go.mod h1:IVnqGOEym/WlBOVXweHU+Q+/VP0lqqI8lqeDx9IjBqo=
github.com/gen2brain/shm v0.0.0-20200228170931-49f9650110c5 h1:Y5Q2mEwfzjMt5+3u70Gtw93ZOu2UuPeeeTBDntF7FoY=
github.com/gen2brain/shm v0.0.0-20200228170931-49f9650110c5/go.mod h1:uF6rMu/1nvu+5DpiRLwusA6xB8zlkNoGzKn8lmYONUo=
github.com/gen2brain/x264-go v0.2.0 h1:4rpAC+0gwjsiRryWYXe0/cYujNu10VAkw0QyRfTMKyE=
github.com/gen2brain/x264-go v0.2.0/go.mod h1:X0UBuPKXLZLyijyuwegYhv54LHhCLvdcuPYSuXnBasM=
github.com/gen2brain/x264-go/x264c v0.0.0-20210523185153-54bdbefd1212 h1:vnOSGR5cgY4y0VBEkJBOPIOhUaNslmON7/Gc4z2Xdck=
github.com/gen2brain/x264-go/x264c v0.0.0-20210523185153-54bdbefd1212/go.mod h1:lshP4xmJNPCHscewcvsemVs62q8J8F0mh+FYBAfVG60=
github.com/gen2brain/x264-go/yuv v0.0.0-20210523185153-54bdbefd1212 h1:AXM+YcjeLgUJgWZekChQtJHFJe+A//2/WSmyEs1OaqU=
github.com/gen2brain/x264-go/yuv v0.0.0-20210523185153-54bdbefd1212/go.mod h1:xGOE/2fXjxu/ZONrm0EPqKHj/XDc13al1o48I3FQfHA=
github.com/kbinani/screenshot v0.0.0-20210326165202-b96eb3309bb0 h1:lICR2wyk9J6T709NawrhNTDi9DjMIbQqdlPT/EE0xBI=
github.com/kbinani/screenshot v0.0.0-20210326165202-b96eb3309bb0/go.mod h1:ZceVWGtzUZmxyN+/1I+oG31oOm1dOA2QUNbua9TLVdE=
github.com/lxn/win v0.0.0-20210218163916-a377121e959e h1:H+t6A/QJMbhCSEH5rAuRxh+CtW96g0Or0Fxa9IKr4uc=
github.com/lxn/win v0.0.0-20210218163916-a377121e959e/go.mod h1:KxxjdtRkfNoYDCUP5ryK7XJJNTnpC8atvtmTheChOtk=
golang.org/x/sys v0.0.0-20201018230417-eeed37f84f13 h1:5jaG59Zhd+8ZXe8C+lgiAGqkOaZBruqrWclLkgAww34=
golang.org/x/sys v0.0.0-20201018230417-eeed37f84f13/go.mod h1:h1NjWce9XRLGQEsW7wpKNCjG9DtNlClVuFLEZdDNbEs=
