github.com/gen2brain/shm v0.0.0-20200228170931-49f9650110c5/go.mod h1:uF6rMu/1nvu+5DpiRLwusA6xB8zlkNoGzKn8lmYONUo=
github.com/gen2brain/shm v0.0.0-20210511105953-083dbc7d9d83 h1:fRNwUddc/xxdx5kQ38X4+q/Grnqlp9zfV/ssKzSzVk0=
github.com/gen2brain/shm v0.0.0-20210511105953-083dbc7d9d83/go.mod h1:uF6rMu/1nvu+5DpiRLwusA6xB8zlkNoGzKn8lmYONUo=
github.com/gen2brain/x264-go v0.2.1 h1:5KV+GZk/YH8oUVvFijfJ3JoSIxexkSv/5ALp4v6NUq8=
github.com/gen2brain/x264-go v0.2.1/go.mod h1:F6mwU9FyzrUbWE0f9lWdTPHBEDt/ugle+H61peryCZQ=
github.com/gen2brain/x264-go/x264c v0.0.0-20220828141959-ddbf4cbb9814/go.mod h1:lshP4xmJNPCHscewcvsemVs62q8J8F0mh+FYBAfVG60=
github.com/gen2brain/x264-go/x264c v0.0.0-20220828142632-56f773492998 h1:GPcrJdpf6lUg5FCfriDnyYvRbwVwdOnBbaBHv0UgRQ4=
github.com/gen2brain/x264-go/x264c v0.0.0-20220828142632-56f773492998/go.mod h1:lshP4xmJNPCHscewcvsemVs62q8J8F0mh+FYBAfVG60=
github.com/gen2brain/x264-go/yuv v0.0.0-20220622130850-9f6285ee8073/go.mod h1:xGOE/2fXjxu/ZONrm0EPqKHj/XDc13al1o48I3FQfHA=
github.com/gen2brain/x264-go/yuv v0.0.0-20220828142632-56f773492998 h1:gKMkjbAy0Jnuacd0d296f918g/fIlBSDmNijNvZ4CdY=
github.com/gen2brain/x264-go/yuv v0.0.0-20220828142632-56f773492998/go.mod h1:xGOE/2fXjxu/ZONrm0EPqKHj/XDc13al1o48I3FQfHA=
github.com/jezek/xgb v0.0.0-20210312150743-0e0f116e1240/go.mod h1:3P4UH/k22rXyHIJD2w4h2XMqPX4Of/eySEZq9L6wqc4=
github.com/jezek/xgb v1.0.1 h1:YUGhxps0aR7J2Xplbs23OHnV1mWaxFVcOl9b+1RQkt8=
github.com/jezek/xgb v1.0.1/go.mod h1:nrhwO0FX/enq75I7Y7G8iN1ubpSGZEiA3v9e9GyRFlk=
github.com/kbinani/screenshot v0.0.0-20210720154843-7d3a670d8329 h1:qq2nCpSrXrmvDGRxW0ruW9BVEV1CN2a9YDOExdt+U0o=
github.com/kbinani/screenshot v0.0.0-20210720154843-7d3a670d8329/go.mod h1:2VPVQDR4wO7KXHwP+DAypEy67rXf+okUx2zjgpCxZw4=
github.com/lxn/win v0.0.0-20210218163916-a377121e959e h1:H+t6A/QJMbhCSEH5rAuRxh+CtW96g0Or0Fxa9IKr4uc=
github.com/lxn/win v0.0.0-20210218163916-a377121e959e/go.mod h1:KxxjdtRkfNoYDCUP5ryK7XJJNTnpC8atvtmTheChOtk=
golang.org/x/sys v0.0.0-20201018230417-eeed37f84f13/go.mod h1:h1NjWce9XRLGQEsW7wpKNCjG9DtNlClVuFLEZdDNbEs=
golang.org/x/sys v0.0.0-20220825204002-c680a09ffe64 h1:UiNENfZ8gDvpiWw7IpOMQ27spWmThO1RwwdQVbJahJM=
golang.org/x/sys v0.0.0-20220825204002-c680a09ffe64/go.mod h1:oPkhp1MJrh7nUepCBck5+mAzfO9JrbApNNgaTdGDITg=
