github.com/gen2brain/shm v0.0.0-20200228170931-49f9650110c5/go.mod h1:uF6rMu/1nvu+5DpiRLwusA6xB8zlkNoGzKn8lmYONUo=
github.com/gen2brain/shm v0.0.0-20221026125803-c33c9e32b1c8 h1:u4/UVF0sNxlqDwCptjIUTUkZW4UoZDrcHzvd2kNnF/k=
github.com/gen2brain/shm v0.0.0-20221026125803-c33c9e32b1c8/go.mod h1:uF6rMu/1nvu+5DpiRLwusA6xB8zlkNoGzKn8lmYONUo=
github.com/gen2brain/x264-go v0.2.3 h1:sregA+Bm656eQrUyFXT1/L6FWoE9Bh2j4AvZN8TCqvg=
github.com/gen2brain/x264-go v0.2.3/go.mod h1:E8NzifRRlIjgPiHeBrd2gDNl0aajri6uNc117BROuwA=
github.com/gen2brain/x264-go/x264c v0.0.0-20221204084822-82ee2951dea2/go.mod h1:MUMv+ZURlTO3qH8QAt2gxiIY5X4NMaxObz2ImZOMvyA=
github.com/gen2brain/x264-go/x264c v0.0.0-20221224044516-9a74c944fe06 h1:5TlL34sEh7ayVSPodg2u7FI245aNlC0ZmjhxlwWIFZ8=
github.com/gen2brain/x264-go/x264c v0.0.0-20221224044516-9a74c944fe06/go.mod h1:MUMv+ZURlTO3qH8QAt2gxiIY5X4NMaxObz2ImZOMvyA=
github.com/gen2brain/x264-go/yuv v0.0.0-20221204084822-82ee2951dea2/go.mod h1:PzzJntdOaVt4Gc37fNaEXpqmhKkUgd/xqyPMUfx+FQc=
github.com/gen2brain/x264-go/yuv v0.0.0-20221224044516-9a74c944fe06 h1:F9tya2kVp2cYBHY0NjuhYEqfsULYuSxqeqk3g5c3eDI=
github.com/gen2brain/x264-go/yuv v0.0.0-20221224044516-9a74c944fe06/go.mod h1:PzzJntdOaVt4Gc37fNaEXpqmhKkUgd/xqyPMUfx+FQc=
github.com/jezek/xgb v0.0.0-20210312150743-0e0f116e1240/go.mod h1:3P4UH/k22rXyHIJD2w4h2XMqPX4Of/eySEZq9L6wqc4=
github.com/jezek/xgb v1.1.0 h1:wnpxJzP1+rkbGclEkmwpVFQWpuE2PUGNUzP8SbfFobk=
github.com/jezek/xgb v1.1.0/go.mod h1:nrhwO0FX/enq75I7Y7G8iN1ubpSGZEiA3v9e9GyRFlk=
github.com/kbinani/screenshot v0.0.0-20210720154843-7d3a670d8329 h1:qq2nCpSrXrmvDGRxW0ruW9BVEV1CN2a9YDOExdt+U0o=
github.com/kbinani/screenshot v0.0.0-20210720154843-7d3a670d8329/go.mod h1:2VPVQDR4wO7KXHwP+DAypEy67rXf+okUx2zjgpCxZw4=
github.com/lxn/win v0.0.0-20210218163916-a377121e959e h1:H+t6A/QJMbhCSEH5rAuRxh+CtW96g0Or0Fxa9IKr4uc=
github.com/lxn/win v0.0.0-20210218163916-a377121e959e/go.mod h1:KxxjdtRkfNoYDCUP5ryK7XJJNTnpC8atvtmTheChOtk=
golang.org/x/sys v0.0.0-20201018230417-eeed37f84f13/go.mod h1:h1NjWce9XRLGQEsW7wpKNCjG9DtNlClVuFLEZdDNbEs=
golang.org/x/sys v0.6.0 h1:MVltZSvRTcU2ljQOhs94SXPftV6DCNnZViHeQps87pQ=
golang.org/x/sys v0.6.0/go.mod h1:oPkhp1MJrh7nUepCBck5+mAzfO9JrbApNNgaTdGDITg=
